{
  "name": "miniprogram-ts-less-quickstart",
  "version": "1.0.0",
  "lockfileVersion": 2,
  "requires": true,
  "packages": {
    "": {
      "name": "miniprogram-ts-less-quickstart",
      "version": "1.0.0",
      "dependencies": {
        "@vant/weapp": "^1.10.18"
      },
      "devDependencies": {
        "miniprogram-api-typings": "^3.9.1"
      }
    },
    "node_modules/@vant/weapp": {
      "version": "1.10.18",
      "resolved": "https://registry.npmmirror.com/@vant/weapp/-/weapp-1.10.18.tgz",
      "integrity": "sha512-BEmBGVKTBfP7Re41k27Tm6lKjdWmEN0APxLWMeiYtXn7koVxrzSAdwZgZguUD7vm1lMsMhAgAIq0IMoMm/ubkQ=="
    },
    "node_modules/miniprogram-api-typings": {
      "version": "3.9.1",
      "resolved": "https://registry.npmmirror.com/miniprogram-api-typings/-/miniprogram-api-typings-3.9.1.tgz",
      "integrity": "sha512-oyratzOWyuFhBzONp06l0FBPu03ltCd1sRWoy2v38SnAKxtpZ8ySLTSEw//hIsBdocMda7fFZEjOG57L57mcUw==",
      "dev": true
    }
  },
  "dependencies": {
    "@vant/weapp": {
      "version": "1.10.18",
      "resolved": "https://registry.npmmirror.com/@vant/weapp/-/weapp-1.10.18.tgz",
      "integrity": "sha512-BEmBGVKTBfP7Re41k27Tm6lKjdWmEN0APxLWMeiYtXn7koVxrzSAdwZgZguUD7vm1lMsMhAgAIq0IMoMm/ubkQ=="
    },
    "miniprogram-api-typings": {
      "version": "3.9.1",
      "resolved": "https://registry.npmmirror.com/miniprogram-api-typings/-/miniprogram-api-typings-3.9.1.tgz",
      "integrity": "sha512-oyratzOWyuFhBzONp06l0FBPu03ltCd1sRWoy2v38SnAKxtpZ8ySLTSEw//hIsBdocMda7fFZEjOG57L57mcUw==",
      "dev": true
    }
  }
}
